
Microsoft Visual Studio Solution File, Format Version 12.00
# Visual Studio Version 16
VisualStudioVersion = 16.0.31702.278
MinimumVisualStudioVersion = 10.0.40219.1
Project("{FAE04EC0-301F-11D3-BF4B-00C04F79EFBC}") = "gyakorlat04", "gyakorlat04\gyakorlat04.csproj", "{1CBD2D69-4EFA-4373-A532-8A5C38F86ADF}"
EndProject
Global
	GlobalSection(SolutionConfigurationPlatforms) = preSolution
		Debug|Any CPU = Debug|Any CPU
		Release|Any CPU = Release|Any CPU
	EndGlobalSection
	GlobalSection(ProjectConfigurationPlatforms) = postSolution
		{1CBD2D69-4EFA-4373-A532-8A5C38F86ADF}.Debug|Any CPU.ActiveCfg = Debug|Any CPU
		{1CBD2D69-4EFA-4373-A532-8A5C38F86ADF}.Debug|Any CPU.Build.0 = Debug|Any CPU
		{1CBD2D69-4EFA-4373-A532-8A5C38F86ADF}.Release|Any CPU.ActiveCfg = Release|Any CPU
		{1CBD2D69-4EFA-4373-A532-8A5C38F86ADF}.Release|Any CPU.Build.0 = Release|Any CPU
	EndGlobalSection
	GlobalSection(SolutionProperties) = preSolution
		HideSolutionNode = FALSE
	EndGlobalSection
	GlobalSection(ExtensibilityGlobals) = postSolution
		SolutionGuid = {B42F6F27-1161-41F2-A8DF-D63D5F892F6D}
	EndGlobalSection
EndGlobal
