
Microsoft Visual Studio Solution File, Format Version 12.00
# Visual Studio Version 16
VisualStudioVersion = 16.0.31702.278
MinimumVisualStudioVersion = 10.0.40219.1
Project("{FAE04EC0-301F-11D3-BF4B-00C04F79EFBC}") = "UserMaintenance", "UserMaintenance\UserMaintenance.csproj", "{C9E19189-9326-466A-B839-1784F718A214}"
EndProject
Global
	GlobalSection(SolutionConfigurationPlatforms) = preSolution
		Debug|Any CPU = Debug|Any CPU
		Release|Any CPU = Release|Any CPU
	EndGlobalSection
	GlobalSection(ProjectConfigurationPlatforms) = postSolution
		{C9E19189-9326-466A-B839-1784F718A214}.Debug|Any CPU.ActiveCfg = Debug|Any CPU
		{C9E19189-9326-466A-B839-1784F718A214}.Debug|Any CPU.Build.0 = Debug|Any CPU
		{C9E19189-9326-466A-B839-1784F718A214}.Release|Any CPU.ActiveCfg = Release|Any CPU
		{C9E19189-9326-466A-B839-1784F718A214}.Release|Any CPU.Build.0 = Release|Any CPU
	EndGlobalSection
	GlobalSection(SolutionProperties) = preSolution
		HideSolutionNode = FALSE
	EndGlobalSection
	GlobalSection(ExtensibilityGlobals) = postSolution
		SolutionGuid = {508F84D9-C143-4A64-BED9-3BBB427BC79B}
	EndGlobalSection
EndGlobal
